
Microsoft Visual Studio Solution File, Format Version 12.00
# Visual Studio 2013
VisualStudioVersion = 12.0.31101.0
MinimumVisualStudioVersion = 10.0.40219.1
Project("{2150E333-8FDC-42A3-9474-1A3956D46DE8}") = ".nuget", ".nuget", "{90F2D811-4087-4D05-8C5E-68B39B3526F9}"
	ProjectSection(SolutionItems) = preProject
		.nuget\NuGet.Config = .nuget\NuGet.Config
		.nuget\NuGet.exe = .nuget\NuGet.exe
		.nuget\NuGet.targets = .nuget\NuGet.targets
	EndProjectSection
EndProject
Project("{FAE04EC0-301F-11D3-BF4B-00C04F79EFBC}") = "OneTimePassword.Web", "OneTimePassword.Web\OneTimePassword.Web.csproj", "{48C9E3FA-5F09-4040-8DAE-63E155033EDE}"
EndProject
Project("{FAE04EC0-301F-11D3-BF4B-00C04F79EFBC}") = "OneTimePassword.Core", "OneTimePassword.Core\OneTimePassword.Core.csproj", "{67AE2DAD-372C-41E6-8C53-41D274ABA094}"
EndProject
Project("{FAE04EC0-301F-11D3-BF4B-00C04F79EFBC}") = "OneTimePassword.Tests", "OneTimePassword.Tests\OneTimePassword.Tests.csproj", "{9C49E63C-7313-4799-A883-57132C2FDA3B}"
EndProject
Project("{FAE04EC0-301F-11D3-BF4B-00C04F79EFBC}") = "OneTimePassword.Resources", "OneTimePassword.Resources\OneTimePassword.Resources.csproj", "{950076FC-95E5-4F45-9381-70AFBCA4D8D1}"
EndProject
Global
	GlobalSection(SolutionConfigurationPlatforms) = preSolution
		Debug|Any CPU = Debug|Any CPU
		Release|Any CPU = Release|Any CPU
	EndGlobalSection
	GlobalSection(ProjectConfigurationPlatforms) = postSolution
		{48C9E3FA-5F09-4040-8DAE-63E155033EDE}.Debug|Any CPU.ActiveCfg = Debug|Any CPU
		{48C9E3FA-5F09-4040-8DAE-63E155033EDE}.Debug|Any CPU.Build.0 = Debug|Any CPU
		{48C9E3FA-5F09-4040-8DAE-63E155033EDE}.Release|Any CPU.ActiveCfg = Release|Any CPU
		{48C9E3FA-5F09-4040-8DAE-63E155033EDE}.Release|Any CPU.Build.0 = Release|Any CPU
		{67AE2DAD-372C-41E6-8C53-41D274ABA094}.Debug|Any CPU.ActiveCfg = Debug|Any CPU
		{67AE2DAD-372C-41E6-8C53-41D274ABA094}.Debug|Any CPU.Build.0 = Debug|Any CPU
		{67AE2DAD-372C-41E6-8C53-41D274ABA094}.Release|Any CPU.ActiveCfg = Release|Any CPU
		{67AE2DAD-372C-41E6-8C53-41D274ABA094}.Release|Any CPU.Build.0 = Release|Any CPU
		{9C49E63C-7313-4799-A883-57132C2FDA3B}.Debug|Any CPU.ActiveCfg = Debug|Any CPU
		{9C49E63C-7313-4799-A883-57132C2FDA3B}.Debug|Any CPU.Build.0 = Debug|Any CPU
		{9C49E63C-7313-4799-A883-57132C2FDA3B}.Release|Any CPU.ActiveCfg = Release|Any CPU
		{9C49E63C-7313-4799-A883-57132C2FDA3B}.Release|Any CPU.Build.0 = Release|Any CPU
		{950076FC-95E5-4F45-9381-70AFBCA4D8D1}.Debug|Any CPU.ActiveCfg = Debug|Any CPU
		{950076FC-95E5-4F45-9381-70AFBCA4D8D1}.Debug|Any CPU.Build.0 = Debug|Any CPU
		{950076FC-95E5-4F45-9381-70AFBCA4D8D1}.Release|Any CPU.ActiveCfg = Release|Any CPU
		{950076FC-95E5-4F45-9381-70AFBCA4D8D1}.Release|Any CPU.Build.0 = Release|Any CPU
	EndGlobalSection
	GlobalSection(SolutionProperties) = preSolution
		HideSolutionNode = FALSE
	EndGlobalSection
EndGlobal
